// !$*UTF8*$!
{
	archiveVersion = 1;
	classes = {
	};
	objectVersion = 77;
	objects = {

/* Begin PBXBuildFile section */
		8415DA1B2E462EEF00FEE25F /* StreamCoreUI.framework in Frameworks */ = {isa = PBXBuildFile; fileRef = 8415DA0B2E462E9F00FEE25F /* StreamCoreUI.framework */; };
		845495292DBA3A1300211413 /* StreamCore.framework in Frameworks */ = {isa = PBXBuildFile; fileRef = 845495202DBA3A1300211413 /* StreamCore.framework */; };
/* End PBXBuildFile section */

/* Begin PBXContainerItemProxy section */
		8415DA1C2E462EEF00FEE25F /* PBXContainerItemProxy */ = {
			isa = PBXContainerItemProxy;
			containerPortal = 845495172DBA3A1300211413 /* Project object */;
			proxyType = 1;
			remoteGlobalIDString = 8415DA0A2E462E9F00FEE25F;
			remoteInfo = StreamCoreUI;
		};
		842BE6032E463FBB003E2219 /* PBXContainerItemProxy */ = {
			isa = PBXContainerItemProxy;
			containerPortal = 845495172DBA3A1300211413 /* Project object */;
			proxyType = 1;
			remoteGlobalIDString = 8454951F2DBA3A1300211413;
			remoteInfo = StreamCore;
		};
		8454952A2DBA3A1300211413 /* PBXContainerItemProxy */ = {
			isa = PBXContainerItemProxy;
			containerPortal = 845495172DBA3A1300211413 /* Project object */;
			proxyType = 1;
			remoteGlobalIDString = 8454951F2DBA3A1300211413;
			remoteInfo = StreamCore;
		};
/* End PBXContainerItemProxy section */

/* Begin PBXFileReference section */
		829524532E69C70300AED807 /* StreamCore.xctestplan */ = {isa = PBXFileReference; lastKnownFileType = text; name = StreamCore.xctestplan; path = Tests/StreamCoreTests/StreamCore.xctestplan; sourceTree = "<group>"; };
		8415DA0B2E462E9F00FEE25F /* StreamCoreUI.framework */ = {isa = PBXFileReference; explicitFileType = wrapper.framework; includeInIndex = 0; path = StreamCoreUI.framework; sourceTree = BUILT_PRODUCTS_DIR; };
		8415DA172E462EEF00FEE25F /* StreamCoreUITests.xctest */ = {isa = PBXFileReference; explicitFileType = wrapper.cfbundle; includeInIndex = 0; path = StreamCoreUITests.xctest; sourceTree = BUILT_PRODUCTS_DIR; };
		845495202DBA3A1300211413 /* StreamCore.framework */ = {isa = PBXFileReference; explicitFileType = wrapper.framework; includeInIndex = 0; path = StreamCore.framework; sourceTree = BUILT_PRODUCTS_DIR; };
		845495282DBA3A1300211413 /* StreamCoreTests.xctest */ = {isa = PBXFileReference; explicitFileType = wrapper.cfbundle; includeInIndex = 0; path = StreamCoreTests.xctest; sourceTree = BUILT_PRODUCTS_DIR; };
/* End PBXFileReference section */

/* Begin PBXFileSystemSynchronizedBuildFileExceptionSet section */
		829528D02E69CD5200AED807 /* Exceptions for "Tests" folder in "StreamCoreTests" target */ = {
			isa = PBXFileSystemSynchronizedBuildFileExceptionSet;
			membershipExceptions = (
				StreamCoreUITests/CDN/StreamImageCDN_Tests.swift,
			);
			target = 845495272DBA3A1300211413 /* StreamCoreTests */;
		};
		8415DA112E462E9F00FEE25F /* Exceptions for "StreamCoreUI" folder in "StreamCoreUI" target */ = {
			isa = PBXFileSystemSynchronizedBuildFileExceptionSet;
			publicHeaders = (
				StreamCoreUI.h,
			);
			target = 8415DA0A2E462E9F00FEE25F /* StreamCoreUI */;
		};
		8415DA382E4630F800FEE25F /* Exceptions for "Tests" folder in "StreamCoreUITests" target */ = {
			isa = PBXFileSystemSynchronizedBuildFileExceptionSet;
			membershipExceptions = (
				StreamCoreUITests/CDN/StreamImageCDN_Tests.swift,
			);
			target = 8415DA162E462EEF00FEE25F /* StreamCoreUITests */;
		};
		845495302DBA3A1300211413 /* Exceptions for "StreamCore" folder in "StreamCore" target */ = {
			isa = PBXFileSystemSynchronizedBuildFileExceptionSet;
			publicHeaders = (
				StreamCore.h,
			);
			target = 8454951F2DBA3A1300211413 /* StreamCore */;
		};
/* End PBXFileSystemSynchronizedBuildFileExceptionSet section */

/* Begin PBXFileSystemSynchronizedRootGroup section */
		4F8C954A2DF8536400996F0D /* Tests */ = {
			isa = PBXFileSystemSynchronizedRootGroup;
			exceptions = (
				829528D02E69CD5200AED807 /* Exceptions for "Tests" folder in "StreamCoreTests" target */,
				8415DA382E4630F800FEE25F /* Exceptions for "Tests" folder in "StreamCoreUITests" target */,
			);
			path = Tests;
			sourceTree = "<group>";
		};
		8415DA0C2E462E9F00FEE25F /* StreamCoreUI */ = {
			isa = PBXFileSystemSynchronizedRootGroup;
			exceptions = (
				8415DA112E462E9F00FEE25F /* Exceptions for "StreamCoreUI" folder in "StreamCoreUI" target */,
			);
			path = StreamCoreUI;
			sourceTree = "<group>";
		};
		845495222DBA3A1300211413 /* StreamCore */ = {
			isa = PBXFileSystemSynchronizedRootGroup;
			exceptions = (
				845495302DBA3A1300211413 /* Exceptions for "StreamCore" folder in "StreamCore" target */,
			);
			path = StreamCore;
			sourceTree = "<group>";
		};
/* End PBXFileSystemSynchronizedRootGroup section */

/* Begin PBXFrameworksBuildPhase section */
		8415DA082E462E9F00FEE25F /* Frameworks */ = {
			isa = PBXFrameworksBuildPhase;
			buildActionMask = 2147483647;
			files = (
			);
			runOnlyForDeploymentPostprocessing = 0;
		};
		8415DA142E462EEF00FEE25F /* Frameworks */ = {
			isa = PBXFrameworksBuildPhase;
			buildActionMask = 2147483647;
			files = (
				8415DA1B2E462EEF00FEE25F /* StreamCoreUI.framework in Frameworks */,
			);
			runOnlyForDeploymentPostprocessing = 0;
		};
		8454951D2DBA3A1300211413 /* Frameworks */ = {
			isa = PBXFrameworksBuildPhase;
			buildActionMask = 2147483647;
			files = (
			);
			runOnlyForDeploymentPostprocessing = 0;
		};
		845495252DBA3A1300211413 /* Frameworks */ = {
			isa = PBXFrameworksBuildPhase;
			buildActionMask = 2147483647;
			files = (
				845495292DBA3A1300211413 /* StreamCore.framework in Frameworks */,
			);
			runOnlyForDeploymentPostprocessing = 0;
		};
/* End PBXFrameworksBuildPhase section */

/* Begin PBXGroup section */
		845495162DBA3A1300211413 = {
			isa = PBXGroup;
			children = (
				829524532E69C70300AED807 /* StreamCore.xctestplan */,
				845495392DBA3A1E00211413 /* Sources */,
				4F8C954A2DF8536400996F0D /* Tests */,
				845495212DBA3A1300211413 /* Products */,
			);
			sourceTree = "<group>";
		};
		845495212DBA3A1300211413 /* Products */ = {
			isa = PBXGroup;
			children = (
				845495202DBA3A1300211413 /* StreamCore.framework */,
				845495282DBA3A1300211413 /* StreamCoreTests.xctest */,
				8415DA0B2E462E9F00FEE25F /* StreamCoreUI.framework */,
				8415DA172E462EEF00FEE25F /* StreamCoreUITests.xctest */,
			);
			name = Products;
			sourceTree = "<group>";
		};
		845495392DBA3A1E00211413 /* Sources */ = {
			isa = PBXGroup;
			children = (
				845495222DBA3A1300211413 /* StreamCore */,
				8415DA0C2E462E9F00FEE25F /* StreamCoreUI */,
			);
			path = Sources;
			sourceTree = "<group>";
		};
/* End PBXGroup section */

/* Begin PBXHeadersBuildPhase section */
		8415DA062E462E9F00FEE25F /* Headers */ = {
			isa = PBXHeadersBuildPhase;
			buildActionMask = 2147483647;
			files = (
			);
			runOnlyForDeploymentPostprocessing = 0;
		};
		8454951B2DBA3A1300211413 /* Headers */ = {
			isa = PBXHeadersBuildPhase;
			buildActionMask = 2147483647;
			files = (
			);
			runOnlyForDeploymentPostprocessing = 0;
		};
/* End PBXHeadersBuildPhase section */

/* Begin PBXNativeTarget section */
		8415DA0A2E462E9F00FEE25F /* StreamCoreUI */ = {
			isa = PBXNativeTarget;
			buildConfigurationList = 8415DA122E462E9F00FEE25F /* Build configuration list for PBXNativeTarget "StreamCoreUI" */;
			buildPhases = (
				8415DA062E462E9F00FEE25F /* Headers */,
				8415DA072E462E9F00FEE25F /* Sources */,
				8415DA082E462E9F00FEE25F /* Frameworks */,
				8415DA092E462E9F00FEE25F /* Resources */,
			);
			buildRules = (
			);
			dependencies = (
				842BE6042E463FBB003E2219 /* PBXTargetDependency */,
			);
			fileSystemSynchronizedGroups = (
				8415DA0C2E462E9F00FEE25F /* StreamCoreUI */,
			);
			name = StreamCoreUI;
			packageProductDependencies = (
			);
			productName = StreamCoreUI;
			productReference = 8415DA0B2E462E9F00FEE25F /* StreamCoreUI.framework */;
			productType = "com.apple.product-type.framework";
		};
		8415DA162E462EEF00FEE25F /* StreamCoreUITests */ = {
			isa = PBXNativeTarget;
			buildConfigurationList = 8415DA1E2E462EEF00FEE25F /* Build configuration list for PBXNativeTarget "StreamCoreUITests" */;
			buildPhases = (
				8415DA132E462EEF00FEE25F /* Sources */,
				8415DA142E462EEF00FEE25F /* Frameworks */,
				8415DA152E462EEF00FEE25F /* Resources */,
			);
			buildRules = (
			);
			dependencies = (
				8415DA1D2E462EEF00FEE25F /* PBXTargetDependency */,
			);
			name = StreamCoreUITests;
			packageProductDependencies = (
			);
			productName = StreamCoreUITests;
			productReference = 8415DA172E462EEF00FEE25F /* StreamCoreUITests.xctest */;
			productType = "com.apple.product-type.bundle.unit-test";
		};
		8454951F2DBA3A1300211413 /* StreamCore */ = {
			isa = PBXNativeTarget;
			buildConfigurationList = 845495312DBA3A1400211413 /* Build configuration list for PBXNativeTarget "StreamCore" */;
			buildPhases = (
				8454951B2DBA3A1300211413 /* Headers */,
				8454951C2DBA3A1300211413 /* Sources */,
				8454951D2DBA3A1300211413 /* Frameworks */,
				8454951E2DBA3A1300211413 /* Resources */,
			);
			buildRules = (
			);
			dependencies = (
			);
			fileSystemSynchronizedGroups = (
				845495222DBA3A1300211413 /* StreamCore */,
			);
			name = StreamCore;
			packageProductDependencies = (
			);
			productName = StreamCore;
			productReference = 845495202DBA3A1300211413 /* StreamCore.framework */;
			productType = "com.apple.product-type.framework";
		};
		845495272DBA3A1300211413 /* StreamCoreTests */ = {
			isa = PBXNativeTarget;
			buildConfigurationList = 845495362DBA3A1400211413 /* Build configuration list for PBXNativeTarget "StreamCoreTests" */;
			buildPhases = (
				845495242DBA3A1300211413 /* Sources */,
				845495252DBA3A1300211413 /* Frameworks */,
				845495262DBA3A1300211413 /* Resources */,
			);
			buildRules = (
			);
			dependencies = (
				8454952B2DBA3A1300211413 /* PBXTargetDependency */,
			);
			fileSystemSynchronizedGroups = (
				4F8C954A2DF8536400996F0D /* Tests */,
			);
			name = StreamCoreTests;
			packageProductDependencies = (
			);
			productName = StreamCoreTests;
			productReference = 845495282DBA3A1300211413 /* StreamCoreTests.xctest */;
			productType = "com.apple.product-type.bundle.unit-test";
		};
/* End PBXNativeTarget section */

/* Begin PBXProject section */
		845495172DBA3A1300211413 /* Project object */ = {
			isa = PBXProject;
			attributes = {
				BuildIndependentTargetsInParallel = 1;
				LastSwiftUpdateCheck = 1620;
				LastUpgradeCheck = 1640;
				TargetAttributes = {
					8415DA0A2E462E9F00FEE25F = {
						CreatedOnToolsVersion = 16.2;
					};
					8415DA162E462EEF00FEE25F = {
						CreatedOnToolsVersion = 16.2;
						LastSwiftMigration = 1620;
					};
					8454951F2DBA3A1300211413 = {
						CreatedOnToolsVersion = 16.2;
					};
					845495272DBA3A1300211413 = {
						CreatedOnToolsVersion = 16.2;
					};
				};
			};
			buildConfigurationList = 8454951A2DBA3A1300211413 /* Build configuration list for PBXProject "StreamCore" */;
			developmentRegion = en;
			hasScannedForEncodings = 0;
			knownRegions = (
				en,
				Base,
			);
			mainGroup = 845495162DBA3A1300211413;
			minimizedProjectReferenceProxies = 1;
			preferredProjectObjectVersion = 77;
			productRefGroup = 845495212DBA3A1300211413 /* Products */;
			projectDirPath = "";
			projectRoot = "";
			targets = (
				8454951F2DBA3A1300211413 /* StreamCore */,
				845495272DBA3A1300211413 /* StreamCoreTests */,
				8415DA0A2E462E9F00FEE25F /* StreamCoreUI */,
				8415DA162E462EEF00FEE25F /* StreamCoreUITests */,
			);
		};
/* End PBXProject section */

/* Begin PBXResourcesBuildPhase section */
		8415DA092E462E9F00FEE25F /* Resources */ = {
			isa = PBXResourcesBuildPhase;
			buildActionMask = 2147483647;
			files = (
			);
			runOnlyForDeploymentPostprocessing = 0;
		};
		8415DA152E462EEF00FEE25F /* Resources */ = {
			isa = PBXResourcesBuildPhase;
			buildActionMask = 2147483647;
			files = (
			);
			runOnlyForDeploymentPostprocessing = 0;
		};
		8454951E2DBA3A1300211413 /* Resources */ = {
			isa = PBXResourcesBuildPhase;
			buildActionMask = 2147483647;
			files = (
			);
			runOnlyForDeploymentPostprocessing = 0;
		};
		845495262DBA3A1300211413 /* Resources */ = {
			isa = PBXResourcesBuildPhase;
			buildActionMask = 2147483647;
			files = (
			);
			runOnlyForDeploymentPostprocessing = 0;
		};
/* End PBXResourcesBuildPhase section */

/* Begin PBXSourcesBuildPhase section */
		8415DA072E462E9F00FEE25F /* Sources */ = {
			isa = PBXSourcesBuildPhase;
			buildActionMask = 2147483647;
			files = (
			);
			runOnlyForDeploymentPostprocessing = 0;
		};
		8415DA132E462EEF00FEE25F /* Sources */ = {
			isa = PBXSourcesBuildPhase;
			buildActionMask = 2147483647;
			files = (
			);
			runOnlyForDeploymentPostprocessing = 0;
		};
		8454951C2DBA3A1300211413 /* Sources */ = {
			isa = PBXSourcesBuildPhase;
			buildActionMask = 2147483647;
			files = (
			);
			runOnlyForDeploymentPostprocessing = 0;
		};
		845495242DBA3A1300211413 /* Sources */ = {
			isa = PBXSourcesBuildPhase;
			buildActionMask = 2147483647;
			files = (
			);
			runOnlyForDeploymentPostprocessing = 0;
		};
/* End PBXSourcesBuildPhase section */

/* Begin PBXTargetDependency section */
		8415DA1D2E462EEF00FEE25F /* PBXTargetDependency */ = {
			isa = PBXTargetDependency;
			target = 8415DA0A2E462E9F00FEE25F /* StreamCoreUI */;
			targetProxy = 8415DA1C2E462EEF00FEE25F /* PBXContainerItemProxy */;
		};
		842BE6042E463FBB003E2219 /* PBXTargetDependency */ = {
			isa = PBXTargetDependency;
			target = 8454951F2DBA3A1300211413 /* StreamCore */;
			targetProxy = 842BE6032E463FBB003E2219 /* PBXContainerItemProxy */;
		};
		8454952B2DBA3A1300211413 /* PBXTargetDependency */ = {
			isa = PBXTargetDependency;
			target = 8454951F2DBA3A1300211413 /* StreamCore */;
			targetProxy = 8454952A2DBA3A1300211413 /* PBXContainerItemProxy */;
		};
/* End PBXTargetDependency section */

/* Begin XCBuildConfiguration section */
		8415DA0F2E462E9F00FEE25F /* Debug */ = {
			isa = XCBuildConfiguration;
			buildSettings = {
				BUILD_LIBRARY_FOR_DISTRIBUTION = YES;
				CODE_SIGN_IDENTITY = "";
				CODE_SIGN_STYLE = Automatic;
				CURRENT_PROJECT_VERSION = 1;
				DEFINES_MODULE = YES;
				DYLIB_COMPATIBILITY_VERSION = 1;
				DYLIB_CURRENT_VERSION = 1;
				DYLIB_INSTALL_NAME_BASE = "@rpath";
				ENABLE_MODULE_VERIFIER = YES;
				GENERATE_INFOPLIST_FILE = YES;
				INFOPLIST_KEY_NSHumanReadableCopyright = "";
				INSTALL_PATH = "$(LOCAL_LIBRARY_DIR)/Frameworks";
				IPHONEOS_DEPLOYMENT_TARGET = 15.6;
				LD_RUNPATH_SEARCH_PATHS = (
					"$(inherited)",
					"@executable_path/Frameworks",
					"@loader_path/Frameworks",
				);
				MARKETING_VERSION = 1.0;
				MODULE_VERIFIER_SUPPORTED_LANGUAGES = "objective-c objective-c++";
				MODULE_VERIFIER_SUPPORTED_LANGUAGE_STANDARDS = "gnu17 gnu++20";
				PRODUCT_BUNDLE_IDENTIFIER = io.getstream.StreamCoreUI;
				PRODUCT_NAME = "$(TARGET_NAME:c99extidentifier)";
				SKIP_INSTALL = YES;
				SWIFT_EMIT_LOC_STRINGS = YES;
				SWIFT_INSTALL_OBJC_HEADER = NO;
				TARGETED_DEVICE_FAMILY = "1,2";
			};
			name = Debug;
		};
		8415DA102E462E9F00FEE25F /* Release */ = {
			isa = XCBuildConfiguration;
			buildSettings = {
				BUILD_LIBRARY_FOR_DISTRIBUTION = YES;
				CODE_SIGN_IDENTITY = "";
				CODE_SIGN_STYLE = Automatic;
				CURRENT_PROJECT_VERSION = 1;
				DEFINES_MODULE = YES;
				DYLIB_COMPATIBILITY_VERSION = 1;
				DYLIB_CURRENT_VERSION = 1;
				DYLIB_INSTALL_NAME_BASE = "@rpath";
				ENABLE_MODULE_VERIFIER = YES;
				GENERATE_INFOPLIST_FILE = YES;
				INFOPLIST_KEY_NSHumanReadableCopyright = "";
				INSTALL_PATH = "$(LOCAL_LIBRARY_DIR)/Frameworks";
				IPHONEOS_DEPLOYMENT_TARGET = 15.6;
				LD_RUNPATH_SEARCH_PATHS = (
					"$(inherited)",
					"@executable_path/Frameworks",
					"@loader_path/Frameworks",
				);
				MARKETING_VERSION = 1.0;
				MODULE_VERIFIER_SUPPORTED_LANGUAGES = "objective-c objective-c++";
				MODULE_VERIFIER_SUPPORTED_LANGUAGE_STANDARDS = "gnu17 gnu++20";
				PRODUCT_BUNDLE_IDENTIFIER = io.getstream.StreamCoreUI;
				PRODUCT_NAME = "$(TARGET_NAME:c99extidentifier)";
				SKIP_INSTALL = YES;
				SWIFT_EMIT_LOC_STRINGS = YES;
				SWIFT_INSTALL_OBJC_HEADER = NO;
				TARGETED_DEVICE_FAMILY = "1,2";
			};
			name = Release;
		};
		8415DA1F2E462EEF00FEE25F /* Debug */ = {
			isa = XCBuildConfiguration;
			buildSettings = {
				CLANG_ENABLE_MODULES = YES;
				CODE_SIGN_STYLE = Automatic;
				CURRENT_PROJECT_VERSION = 1;
				GENERATE_INFOPLIST_FILE = YES;
				IPHONEOS_DEPLOYMENT_TARGET = 15.6;
				MARKETING_VERSION = 1.0;
				PRODUCT_BUNDLE_IDENTIFIER = io.getstream.StreamCoreUITests;
				PRODUCT_NAME = "$(TARGET_NAME)";
				SWIFT_EMIT_LOC_STRINGS = NO;
				SWIFT_OPTIMIZATION_LEVEL = "-Onone";
				TARGETED_DEVICE_FAMILY = "1,2";
			};
			name = Debug;
		};
		8415DA202E462EEF00FEE25F /* Release */ = {
			isa = XCBuildConfiguration;
			buildSettings = {
				CLANG_ENABLE_MODULES = YES;
				CODE_SIGN_STYLE = Automatic;
				CURRENT_PROJECT_VERSION = 1;
				GENERATE_INFOPLIST_FILE = YES;
				IPHONEOS_DEPLOYMENT_TARGET = 15.6;
				MARKETING_VERSION = 1.0;
				PRODUCT_BUNDLE_IDENTIFIER = io.getstream.StreamCoreUITests;
				PRODUCT_NAME = "$(TARGET_NAME)";
				SWIFT_EMIT_LOC_STRINGS = NO;
				TARGETED_DEVICE_FAMILY = "1,2";
			};
			name = Release;
		};
		845495322DBA3A1400211413 /* Debug */ = {
			isa = XCBuildConfiguration;
			buildSettings = {
				BUILD_LIBRARY_FOR_DISTRIBUTION = YES;
				CODE_SIGN_IDENTITY = "";
				CODE_SIGN_STYLE = Automatic;
				CURRENT_PROJECT_VERSION = 1;
				DEFINES_MODULE = YES;
				DYLIB_COMPATIBILITY_VERSION = 1;
				DYLIB_CURRENT_VERSION = 1;
				DYLIB_INSTALL_NAME_BASE = "@rpath";
				ENABLE_MODULE_VERIFIER = YES;
				GENERATE_INFOPLIST_FILE = YES;
				INFOPLIST_KEY_NSHumanReadableCopyright = "";
				INSTALL_PATH = "$(LOCAL_LIBRARY_DIR)/Frameworks";
				IPHONEOS_DEPLOYMENT_TARGET = 13.0;
				LD_RUNPATH_SEARCH_PATHS = (
					"$(inherited)",
					"@executable_path/Frameworks",
					"@loader_path/Frameworks",
				);
				MARKETING_VERSION = 1.0;
				MODULE_VERIFIER_SUPPORTED_LANGUAGES = "objective-c objective-c++";
				MODULE_VERIFIER_SUPPORTED_LANGUAGE_STANDARDS = "gnu17 gnu++20";
				PRODUCT_BUNDLE_IDENTIFIER = io.getstream.StreamCore;
				PRODUCT_NAME = "$(TARGET_NAME:c99extidentifier)";
				SKIP_INSTALL = YES;
				SWIFT_EMIT_LOC_STRINGS = YES;
				SWIFT_INSTALL_OBJC_HEADER = NO;
				TARGETED_DEVICE_FAMILY = "1,2";
			};
			name = Debug;
		};
		845495332DBA3A1400211413 /* Release */ = {
			isa = XCBuildConfiguration;
			buildSettings = {
				BUILD_LIBRARY_FOR_DISTRIBUTION = YES;
				CODE_SIGN_IDENTITY = "";
				CODE_SIGN_STYLE = Automatic;
				CURRENT_PROJECT_VERSION = 1;
				DEFINES_MODULE = YES;
				DYLIB_COMPATIBILITY_VERSION = 1;
				DYLIB_CURRENT_VERSION = 1;
				DYLIB_INSTALL_NAME_BASE = "@rpath";
				ENABLE_MODULE_VERIFIER = YES;
				GENERATE_INFOPLIST_FILE = YES;
				INFOPLIST_KEY_NSHumanReadableCopyright = "";
				INSTALL_PATH = "$(LOCAL_LIBRARY_DIR)/Frameworks";
				IPHONEOS_DEPLOYMENT_TARGET = 13.0;
				LD_RUNPATH_SEARCH_PATHS = (
					"$(inherited)",
					"@executable_path/Frameworks",
					"@loader_path/Frameworks",
				);
				MARKETING_VERSION = 1.0;
				MODULE_VERIFIER_SUPPORTED_LANGUAGES = "objective-c objective-c++";
				MODULE_VERIFIER_SUPPORTED_LANGUAGE_STANDARDS = "gnu17 gnu++20";
				PRODUCT_BUNDLE_IDENTIFIER = io.getstream.StreamCore;
				PRODUCT_NAME = "$(TARGET_NAME:c99extidentifier)";
				SKIP_INSTALL = YES;
				SWIFT_EMIT_LOC_STRINGS = YES;
				SWIFT_INSTALL_OBJC_HEADER = NO;
				TARGETED_DEVICE_FAMILY = "1,2";
			};
			name = Release;
		};
		845495342DBA3A1400211413 /* Debug */ = {
			isa = XCBuildConfiguration;
			buildSettings = {
				ALWAYS_SEARCH_USER_PATHS = NO;
				ASSETCATALOG_COMPILER_GENERATE_SWIFT_ASSET_SYMBOL_EXTENSIONS = YES;
				CLANG_ANALYZER_NONNULL = YES;
				CLANG_ANALYZER_NUMBER_OBJECT_CONVERSION = YES_AGGRESSIVE;
				CLANG_CXX_LANGUAGE_STANDARD = "gnu++20";
				CLANG_ENABLE_MODULES = YES;
				CLANG_ENABLE_OBJC_ARC = YES;
				CLANG_ENABLE_OBJC_WEAK = YES;
				CLANG_WARN_BLOCK_CAPTURE_AUTORELEASING = YES;
				CLANG_WARN_BOOL_CONVERSION = YES;
				CLANG_WARN_COMMA = YES;
				CLANG_WARN_CONSTANT_CONVERSION = YES;
				CLANG_WARN_DEPRECATED_OBJC_IMPLEMENTATIONS = YES;
				CLANG_WARN_DIRECT_OBJC_ISA_USAGE = YES_ERROR;
				CLANG_WARN_DOCUMENTATION_COMMENTS = YES;
				CLANG_WARN_EMPTY_BODY = YES;
				CLANG_WARN_ENUM_CONVERSION = YES;
				CLANG_WARN_INFINITE_RECURSION = YES;
				CLANG_WARN_INT_CONVERSION = YES;
				CLANG_WARN_NON_LITERAL_NULL_CONVERSION = YES;
				CLANG_WARN_OBJC_IMPLICIT_RETAIN_SELF = YES;
				CLANG_WARN_OBJC_LITERAL_CONVERSION = YES;
				CLANG_WARN_OBJC_ROOT_CLASS = YES_ERROR;
				CLANG_WARN_QUOTED_INCLUDE_IN_FRAMEWORK_HEADER = YES;
				CLANG_WARN_RANGE_LOOP_ANALYSIS = YES;
				CLANG_WARN_STRICT_PROTOTYPES = YES;
				CLANG_WARN_SUSPICIOUS_MOVE = YES;
				CLANG_WARN_UNGUARDED_AVAILABILITY = YES_AGGRESSIVE;
				CLANG_WARN_UNREACHABLE_CODE = YES;
				CLANG_WARN__DUPLICATE_METHOD_MATCH = YES;
				COPY_PHASE_STRIP = NO;
				CURRENT_PROJECT_VERSION = 1;
				DEBUG_INFORMATION_FORMAT = dwarf;
				DEVELOPMENT_TEAM = EHV7XZLAHA;
				ENABLE_STRICT_OBJC_MSGSEND = YES;
				ENABLE_TESTABILITY = YES;
				ENABLE_USER_SCRIPT_SANDBOXING = YES;
				GCC_C_LANGUAGE_STANDARD = gnu17;
				GCC_DYNAMIC_NO_PIC = NO;
				GCC_NO_COMMON_BLOCKS = YES;
				GCC_OPTIMIZATION_LEVEL = 0;
				GCC_PREPROCESSOR_DEFINITIONS = (
					"DEBUG=1",
					"$(inherited)",
				);
				GCC_WARN_64_TO_32_BIT_CONVERSION = YES;
				GCC_WARN_ABOUT_RETURN_TYPE = YES_ERROR;
				GCC_WARN_UNDECLARED_SELECTOR = YES;
				GCC_WARN_UNINITIALIZED_AUTOS = YES_AGGRESSIVE;
				GCC_WARN_UNUSED_FUNCTION = YES;
				GCC_WARN_UNUSED_VARIABLE = YES;
				IPHONEOS_DEPLOYMENT_TARGET = 15.6;
				LOCALIZATION_PREFERS_STRING_CATALOGS = YES;
				MTL_ENABLE_DEBUG_INFO = INCLUDE_SOURCE;
				MTL_FAST_MATH = YES;
				ONLY_ACTIVE_ARCH = YES;
				SDKROOT = iphoneos;
				SWIFT_ACTIVE_COMPILATION_CONDITIONS = "DEBUG $(inherited)";
				SWIFT_OPTIMIZATION_LEVEL = "-Onone";
				SWIFT_VERSION = 6.0;
				VERSIONING_SYSTEM = "apple-generic";
				VERSION_INFO_PREFIX = "";
			};
			name = Debug;
		};
		845495352DBA3A1400211413 /* Release */ = {
			isa = XCBuildConfiguration;
			buildSettings = {
				ALWAYS_SEARCH_USER_PATHS = NO;
				ASSETCATALOG_COMPILER_GENERATE_SWIFT_ASSET_SYMBOL_EXTENSIONS = YES;
				CLANG_ANALYZER_NONNULL = YES;
				CLANG_ANALYZER_NUMBER_OBJECT_CONVERSION = YES_AGGRESSIVE;
				CLANG_CXX_LANGUAGE_STANDARD = "gnu++20";
				CLANG_ENABLE_MODULES = YES;
				CLANG_ENABLE_OBJC_ARC = YES;
				CLANG_ENABLE_OBJC_WEAK = YES;
				CLANG_WARN_BLOCK_CAPTURE_AUTORELEASING = YES;
				CLANG_WARN_BOOL_CONVERSION = YES;
				CLANG_WARN_COMMA = YES;
				CLANG_WARN_CONSTANT_CONVERSION = YES;
				CLANG_WARN_DEPRECATED_OBJC_IMPLEMENTATIONS = YES;
				CLANG_WARN_DIRECT_OBJC_ISA_USAGE = YES_ERROR;
				CLANG_WARN_DOCUMENTATION_COMMENTS = YES;
				CLANG_WARN_EMPTY_BODY = YES;
				CLANG_WARN_ENUM_CONVERSION = YES;
				CLANG_WARN_INFINITE_RECURSION = YES;
				CLANG_WARN_INT_CONVERSION = YES;
				CLANG_WARN_NON_LITERAL_NULL_CONVERSION = YES;
				CLANG_WARN_OBJC_IMPLICIT_RETAIN_SELF = YES;
				CLANG_WARN_OBJC_LITERAL_CONVERSION = YES;
				CLANG_WARN_OBJC_ROOT_CLASS = YES_ERROR;
				CLANG_WARN_QUOTED_INCLUDE_IN_FRAMEWORK_HEADER = YES;
				CLANG_WARN_RANGE_LOOP_ANALYSIS = YES;
				CLANG_WARN_STRICT_PROTOTYPES = YES;
				CLANG_WARN_SUSPICIOUS_MOVE = YES;
				CLANG_WARN_UNGUARDED_AVAILABILITY = YES_AGGRESSIVE;
				CLANG_WARN_UNREACHABLE_CODE = YES;
				CLANG_WARN__DUPLICATE_METHOD_MATCH = YES;
				COPY_PHASE_STRIP = NO;
				CURRENT_PROJECT_VERSION = 1;
				DEBUG_INFORMATION_FORMAT = "dwarf-with-dsym";
				DEVELOPMENT_TEAM = EHV7XZLAHA;
				ENABLE_NS_ASSERTIONS = NO;
				ENABLE_STRICT_OBJC_MSGSEND = YES;
				ENABLE_USER_SCRIPT_SANDBOXING = YES;
				GCC_C_LANGUAGE_STANDARD = gnu17;
				GCC_NO_COMMON_BLOCKS = YES;
				GCC_WARN_64_TO_32_BIT_CONVERSION = YES;
				GCC_WARN_ABOUT_RETURN_TYPE = YES_ERROR;
				GCC_WARN_UNDECLARED_SELECTOR = YES;
				GCC_WARN_UNINITIALIZED_AUTOS = YES_AGGRESSIVE;
				GCC_WARN_UNUSED_FUNCTION = YES;
				GCC_WARN_UNUSED_VARIABLE = YES;
				IPHONEOS_DEPLOYMENT_TARGET = 15.6;
				LOCALIZATION_PREFERS_STRING_CATALOGS = YES;
				MTL_ENABLE_DEBUG_INFO = NO;
				MTL_FAST_MATH = YES;
				SDKROOT = iphoneos;
				SWIFT_COMPILATION_MODE = wholemodule;
				SWIFT_VERSION = 6.0;
				VALIDATE_PRODUCT = YES;
				VERSIONING_SYSTEM = "apple-generic";
				VERSION_INFO_PREFIX = "";
			};
			name = Release;
		};
		845495372DBA3A1400211413 /* Debug */ = {
			isa = XCBuildConfiguration;
			buildSettings = {
				CODE_SIGN_STYLE = Automatic;
				CURRENT_PROJECT_VERSION = 1;
				GENERATE_INFOPLIST_FILE = YES;
				IPHONEOS_DEPLOYMENT_TARGET = 15.6;
				MARKETING_VERSION = 1.0;
				PRODUCT_BUNDLE_IDENTIFIER = io.getstream.StreamCoreTests;
				PRODUCT_NAME = "$(TARGET_NAME)";
				SWIFT_EMIT_LOC_STRINGS = NO;
				TARGETED_DEVICE_FAMILY = "1,2";
			};
			name = Debug;
		};
		845495382DBA3A1400211413 /* Release */ = {
			isa = XCBuildConfiguration;
			buildSettings = {
				CODE_SIGN_STYLE = Automatic;
				CURRENT_PROJECT_VERSION = 1;
				GENERATE_INFOPLIST_FILE = YES;
				IPHONEOS_DEPLOYMENT_TARGET = 15.6;
				MARKETING_VERSION = 1.0;
				PRODUCT_BUNDLE_IDENTIFIER = io.getstream.StreamCoreTests;
				PRODUCT_NAME = "$(TARGET_NAME)";
				SWIFT_EMIT_LOC_STRINGS = NO;
				TARGETED_DEVICE_FAMILY = "1,2";
			};
			name = Release;
		};
/* End XCBuildConfiguration section */

/* Begin XCConfigurationList section */
		8415DA122E462E9F00FEE25F /* Build configuration list for PBXNativeTarget "StreamCoreUI" */ = {
			isa = XCConfigurationList;
			buildConfigurations = (
				8415DA0F2E462E9F00FEE25F /* Debug */,
				8415DA102E462E9F00FEE25F /* Release */,
			);
			defaultConfigurationIsVisible = 0;
			defaultConfigurationName = Release;
		};
		8415DA1E2E462EEF00FEE25F /* Build configuration list for PBXNativeTarget "StreamCoreUITests" */ = {
			isa = XCConfigurationList;
			buildConfigurations = (
				8415DA1F2E462EEF00FEE25F /* Debug */,
				8415DA202E462EEF00FEE25F /* Release */,
			);
			defaultConfigurationIsVisible = 0;
			defaultConfigurationName = Release;
		};
		8454951A2DBA3A1300211413 /* Build configuration list for PBXProject "StreamCore" */ = {
			isa = XCConfigurationList;
			buildConfigurations = (
				845495342DBA3A1400211413 /* Debug */,
				845495352DBA3A1400211413 /* Release */,
			);
			defaultConfigurationIsVisible = 0;
			defaultConfigurationName = Release;
		};
		845495312DBA3A1400211413 /* Build configuration list for PBXNativeTarget "StreamCore" */ = {
			isa = XCConfigurationList;
			buildConfigurations = (
				845495322DBA3A1400211413 /* Debug */,
				845495332DBA3A1400211413 /* Release */,
			);
			defaultConfigurationIsVisible = 0;
			defaultConfigurationName = Release;
		};
		845495362DBA3A1400211413 /* Build configuration list for PBXNativeTarget "StreamCoreTests" */ = {
			isa = XCConfigurationList;
			buildConfigurations = (
				845495372DBA3A1400211413 /* Debug */,
				845495382DBA3A1400211413 /* Release */,
			);
			defaultConfigurationIsVisible = 0;
			defaultConfigurationName = Release;
		};
/* End XCConfigurationList section */
	};
	rootObject = 845495172DBA3A1300211413 /* Project object */;
}
